
Microsoft Visual Studio Solution File, Format Version 12.00
# Visual Studio 15
VisualStudioVersion = 15.0.28307.1062
MinimumVisualStudioVersion = 10.0.40219.1
Project("{FAE04EC0-301F-11D3-BF4B-00C04F79EFBC}") = "ООП 5", "ООП 5\ООП 5.csproj", "{12E0B178-9E18-4009-A400-6458F8CE1390}"
EndProject
Global
	GlobalSection(SolutionConfigurationPlatforms) = preSolution
		Debug|Any CPU = Debug|Any CPU
		Release|Any CPU = Release|Any CPU
	EndGlobalSection
	GlobalSection(ProjectConfigurationPlatforms) = postSolution
		{12E0B178-9E18-4009-A400-6458F8CE1390}.Debug|Any CPU.ActiveCfg = Debug|Any CPU
		{12E0B178-9E18-4009-A400-6458F8CE1390}.Debug|Any CPU.Build.0 = Debug|Any CPU
		{12E0B178-9E18-4009-A400-6458F8CE1390}.Release|Any CPU.ActiveCfg = Release|Any CPU
		{12E0B178-9E18-4009-A400-6458F8CE1390}.Release|Any CPU.Build.0 = Release|Any CPU
	EndGlobalSection
	GlobalSection(SolutionProperties) = preSolution
		HideSolutionNode = FALSE
	EndGlobalSection
	GlobalSection(ExtensibilityGlobals) = postSolution
		SolutionGuid = {DDA31138-0384-460E-811C-256682CB233B}
	EndGlobalSection
EndGlobal
